
Microsoft Visual Studio Solution File, Format Version 12.00
# Visual Studio Version 17
VisualStudioVersion = 17.14.36717.8 d17.14
MinimumVisualStudioVersion = 10.0.40219.1
Project("{FAE04EC0-301F-11D3-BF4B-00C04F79EFBC}") = "Udemy_ASPNETCoreWebApp", "Udemy_ASPNETCoreWebApp\Udemy_ASPNETCoreWebApp.csproj", "{71F4201C-3F62-4537-A8EA-D4249EED4D29}"
EndProject
Global
	GlobalSection(SolutionConfigurationPlatforms) = preSolution
		Debug|Any CPU = Debug|Any CPU
		Release|Any CPU = Release|Any CPU
	EndGlobalSection
	GlobalSection(ProjectConfigurationPlatforms) = postSolution
		{71F4201C-3F62-4537-A8EA-D4249EED4D29}.Debug|Any CPU.ActiveCfg = Debug|Any CPU
		{71F4201C-3F62-4537-A8EA-D4249EED4D29}.Debug|Any CPU.Build.0 = Debug|Any CPU
		{71F4201C-3F62-4537-A8EA-D4249EED4D29}.Release|Any CPU.ActiveCfg = Release|Any CPU
		{71F4201C-3F62-4537-A8EA-D4249EED4D29}.Release|Any CPU.Build.0 = Release|Any CPU
	EndGlobalSection
	GlobalSection(SolutionProperties) = preSolution
		HideSolutionNode = FALSE
	EndGlobalSection
	GlobalSection(ExtensibilityGlobals) = postSolution
		SolutionGuid = {2DA98BB7-DFAE-4848-9302-0FCA490D060B}
	EndGlobalSection
EndGlobal
